// !$*UTF8*$!
{
	archiveVersion = 1;
	classes = {
	};
	objectVersion = 50;
	objects = {

/* Begin PBXBuildFile section */
		0858B69822010C9E000F00CF /* SRGLogger.framework in Frameworks */ = {isa = PBXBuildFile; fileRef = 0858B69522010C9E000F00CF /* SRGLogger.framework */; };
		0858B69A22010C9E000F00CF /* SRGLogger.framework in Frameworks */ = {isa = PBXBuildFile; fileRef = 0858B69522010C9E000F00CF /* SRGLogger.framework */; };
		0858B69B22010C9E000F00CF /* libextobjc.framework in Frameworks */ = {isa = PBXBuildFile; fileRef = 0858B69622010C9E000F00CF /* libextobjc.framework */; };
		0858B69C22010C9E000F00CF /* libextobjc.framework in Frameworks */ = {isa = PBXBuildFile; fileRef = 0858B69622010C9E000F00CF /* libextobjc.framework */; };
		0858B69D22010C9E000F00CF /* libextobjc.framework in Frameworks */ = {isa = PBXBuildFile; fileRef = 0858B69622010C9E000F00CF /* libextobjc.framework */; };
		0858B69E22010C9E000F00CF /* MAKVONotificationCenter.framework in Frameworks */ = {isa = PBXBuildFile; fileRef = 0858B69722010C9E000F00CF /* MAKVONotificationCenter.framework */; };
		0858B6A022010C9E000F00CF /* MAKVONotificationCenter.framework in Frameworks */ = {isa = PBXBuildFile; fileRef = 0858B69722010C9E000F00CF /* MAKVONotificationCenter.framework */; };
		0858B6A222010CD6000F00CF /* libextobjc.framework in Embed Frameworks */ = {isa = PBXBuildFile; fileRef = 0858B69622010C9E000F00CF /* libextobjc.framework */; settings = {ATTRIBUTES = (CodeSignOnCopy, RemoveHeadersOnCopy, ); }; };
		0858B6A322010CD6000F00CF /* MAKVONotificationCenter.framework in Frameworks */ = {isa = PBXBuildFile; fileRef = 0858B69722010C9E000F00CF /* MAKVONotificationCenter.framework */; };
		0858B6A422010CD6000F00CF /* MAKVONotificationCenter.framework in Embed Frameworks */ = {isa = PBXBuildFile; fileRef = 0858B69722010C9E000F00CF /* MAKVONotificationCenter.framework */; settings = {ATTRIBUTES = (CodeSignOnCopy, RemoveHeadersOnCopy, ); }; };
		0858B6A522010CD6000F00CF /* SRGLogger.framework in Frameworks */ = {isa = PBXBuildFile; fileRef = 0858B69522010C9E000F00CF /* SRGLogger.framework */; };
		0858B6A622010CD6000F00CF /* SRGLogger.framework in Embed Frameworks */ = {isa = PBXBuildFile; fileRef = 0858B69522010C9E000F00CF /* SRGLogger.framework */; settings = {ATTRIBUTES = (CodeSignOnCopy, RemoveHeadersOnCopy, ); }; };
		6F01789C22047A8D00B4BCD9 /* SRGDataStore.h in Headers */ = {isa = PBXBuildFile; fileRef = 6F01789A22047A8D00B4BCD9 /* SRGDataStore.h */; };
		6F01789D22047A8D00B4BCD9 /* SRGDataStore.m in Sources */ = {isa = PBXBuildFile; fileRef = 6F01789B22047A8D00B4BCD9 /* SRGDataStore.m */; };
		6F01789F22047D7300B4BCD9 /* SRGUserDataLogger.h in Headers */ = {isa = PBXBuildFile; fileRef = 6F01789E22047D7300B4BCD9 /* SRGUserDataLogger.h */; };
		6F0178A2220482AF00B4BCD9 /* SRGUserDataError.m in Sources */ = {isa = PBXBuildFile; fileRef = 6F0178A0220482AE00B4BCD9 /* SRGUserDataError.m */; };
		6F0178A3220482AF00B4BCD9 /* SRGUserDataError.h in Headers */ = {isa = PBXBuildFile; fileRef = 6F0178A1220482AE00B4BCD9 /* SRGUserDataError.h */; };
		6F0178A522048B2800B4BCD9 /* DataStoreTestCase.m in Sources */ = {isa = PBXBuildFile; fileRef = 6F0178A422048B2800B4BCD9 /* DataStoreTestCase.m */; };
		6F0178AF22080FEC00B4BCD9 /* SRGHistoryEntry.h in Headers */ = {isa = PBXBuildFile; fileRef = 6F0178AB22080FEC00B4BCD9 /* SRGHistoryEntry.h */; };
		6F0178B022080FEC00B4BCD9 /* SRGUser.m in Sources */ = {isa = PBXBuildFile; fileRef = 6F0178AC22080FEC00B4BCD9 /* SRGUser.m */; };
		6F0178B122080FEC00B4BCD9 /* SRGUser.h in Headers */ = {isa = PBXBuildFile; fileRef = 6F0178AD22080FEC00B4BCD9 /* SRGUser.h */; };
		6F0178B222080FEC00B4BCD9 /* SRGHistoryEntry.m in Sources */ = {isa = PBXBuildFile; fileRef = 6F0178AE22080FEC00B4BCD9 /* SRGHistoryEntry.m */; };
		6F0178C82208137C00B4BCD9 /* SRGUserData.xcdatamodeld in Sources */ = {isa = PBXBuildFile; fileRef = 6F0178C62208137C00B4BCD9 /* SRGUserData.xcdatamodeld */; };
		6F0178CB2208192B00B4BCD9 /* NSTimer+SRGUserData.m in Sources */ = {isa = PBXBuildFile; fileRef = 6F0178C92208192B00B4BCD9 /* NSTimer+SRGUserData.m */; };
		6F0178CC2208192B00B4BCD9 /* NSTimer+SRGUserData.h in Headers */ = {isa = PBXBuildFile; fileRef = 6F0178CA2208192B00B4BCD9 /* NSTimer+SRGUserData.h */; };
		6F0178D02208199800B4BCD9 /* SRGUserDataTimerTarget.h in Headers */ = {isa = PBXBuildFile; fileRef = 6F0178CE2208199800B4BCD9 /* SRGUserDataTimerTarget.h */; };
		6F0178D12208199800B4BCD9 /* SRGUserDataTimerTarget.m in Sources */ = {isa = PBXBuildFile; fileRef = 6F0178CF2208199800B4BCD9 /* SRGUserDataTimerTarget.m */; };
		6F0432BD21006E7A002B090A /* SRGNetwork.framework in Frameworks */ = {isa = PBXBuildFile; fileRef = 6F0432BC21006E7A002B090A /* SRGNetwork.framework */; };
		6F0432BE21007340002B090A /* SRGNetwork.framework in Frameworks */ = {isa = PBXBuildFile; fileRef = 6F0432BC21006E7A002B090A /* SRGNetwork.framework */; };
		6F0432BF21007340002B090A /* SRGNetwork.framework in Embed Frameworks */ = {isa = PBXBuildFile; fileRef = 6F0432BC21006E7A002B090A /* SRGNetwork.framework */; settings = {ATTRIBUTES = (CodeSignOnCopy, RemoveHeadersOnCopy, ); }; };
		6F0C98EE2121E1D600073AB6 /* Localizable.strings in Resources */ = {isa = PBXBuildFile; fileRef = 6FCBFEF7210B578B006BC355 /* Localizable.strings */; };
		6F0C98F12121E26A00073AB6 /* SRGUserData.bundle in Resources */ = {isa = PBXBuildFile; fileRef = 6F0C98E62121E1C200073AB6 /* SRGUserData.bundle */; };
		6F0EB54020FC7FA9009C02CF /* SRGUserData.h in Headers */ = {isa = PBXBuildFile; fileRef = 6F0EB53E20FC7FA9009C02CF /* SRGUserData.h */; settings = {ATTRIBUTES = (Public, ); }; };
		6F0EB54320FC7FF4009C02CF /* SRGUserData.m in Sources */ = {isa = PBXBuildFile; fileRef = 6F0EB54220FC7FF4009C02CF /* SRGUserData.m */; };
		6F0EB54720FC8049009C02CF /* NSBundle+SRGUserData.m in Sources */ = {isa = PBXBuildFile; fileRef = 6F0EB54520FC8049009C02CF /* NSBundle+SRGUserData.m */; };
		6F0EB54820FC8049009C02CF /* NSBundle+SRGUserData.h in Headers */ = {isa = PBXBuildFile; fileRef = 6F0EB54620FC8049009C02CF /* NSBundle+SRGUserData.h */; };
		6F3246172201B1CA0017D00E /* libextobjc.framework in Copy Files */ = {isa = PBXBuildFile; fileRef = 0858B69622010C9E000F00CF /* libextobjc.framework */; settings = {ATTRIBUTES = (CodeSignOnCopy, RemoveHeadersOnCopy, ); }; };
		6F3246182201B1CD0017D00E /* MAKVONotificationCenter.framework in Copy Files */ = {isa = PBXBuildFile; fileRef = 0858B69722010C9E000F00CF /* MAKVONotificationCenter.framework */; settings = {ATTRIBUTES = (CodeSignOnCopy, RemoveHeadersOnCopy, ); }; };
		6F3246192201B1D20017D00E /* SRGLogger.framework in Copy Files */ = {isa = PBXBuildFile; fileRef = 0858B69522010C9E000F00CF /* SRGLogger.framework */; settings = {ATTRIBUTES = (CodeSignOnCopy, RemoveHeadersOnCopy, ); }; };
		6F5A558A22045311006647AC /* SRGModelManager.h in Headers */ = {isa = PBXBuildFile; fileRef = 6F5A558822045311006647AC /* SRGModelManager.h */; };
		6F5A558B22045311006647AC /* SRGModelManager.m in Sources */ = {isa = PBXBuildFile; fileRef = 6F5A558922045311006647AC /* SRGModelManager.m */; };
		6F7B786A2108A05C001E3BBE /* SRGHistory.h in Headers */ = {isa = PBXBuildFile; fileRef = 6F7B78682108A05C001E3BBE /* SRGHistory.h */; settings = {ATTRIBUTES = (Public, ); }; };
		6F7B786B2108A05C001E3BBE /* SRGHistory.m in Sources */ = {isa = PBXBuildFile; fileRef = 6F7B78692108A05C001E3BBE /* SRGHistory.m */; };
		6F8A93FB20FDCAA800AA6434 /* LaunchScreen.storyboard in Resources */ = {isa = PBXBuildFile; fileRef = 6F8A93F020FDCAA800AA6434 /* LaunchScreen.storyboard */; };
		6F8A93FC20FDCAA800AA6434 /* Images.xcassets in Resources */ = {isa = PBXBuildFile; fileRef = 6F8A93F120FDCAA800AA6434 /* Images.xcassets */; };
		6F8A93FD20FDCAA800AA6434 /* main.m in Sources */ = {isa = PBXBuildFile; fileRef = 6F8A93F520FDCAA800AA6434 /* main.m */; };
		6F8A93FE20FDCAA800AA6434 /* AppDelegate.m in Sources */ = {isa = PBXBuildFile; fileRef = 6F8A93F620FDCAA800AA6434 /* AppDelegate.m */; };
		6F8A93FF20FDCAA800AA6434 /* DemosViewController.m in Sources */ = {isa = PBXBuildFile; fileRef = 6F8A93F920FDCAA800AA6434 /* DemosViewController.m */; };
		6F8A940220FDCBA600AA6434 /* DemosViewController.storyboard in Resources */ = {isa = PBXBuildFile; fileRef = 6F8A940120FDCBA600AA6434 /* DemosViewController.storyboard */; };
		6F8A940320FDD01B00AA6434 /* SRGUserData.framework in Frameworks */ = {isa = PBXBuildFile; fileRef = 6F0EB53120FC7F58009C02CF /* SRGUserData.framework */; };
		6F8A940420FDD01B00AA6434 /* SRGUserData.framework in Embed Frameworks */ = {isa = PBXBuildFile; fileRef = 6F0EB53120FC7F58009C02CF /* SRGUserData.framework */; settings = {ATTRIBUTES = (CodeSignOnCopy, RemoveHeadersOnCopy, ); }; };
		6FA62D5F2204389A008569DC /* FXReachability.framework in Frameworks */ = {isa = PBXBuildFile; fileRef = 6FA62D5C2204389A008569DC /* FXReachability.framework */; };
		6FA62D602204389A008569DC /* SRGIdentity.framework in Frameworks */ = {isa = PBXBuildFile; fileRef = 6FA62D5D2204389A008569DC /* SRGIdentity.framework */; };
		6FA62D612204389A008569DC /* UICKeyChainStore.framework in Frameworks */ = {isa = PBXBuildFile; fileRef = 6FA62D5E2204389A008569DC /* UICKeyChainStore.framework */; };
		6FA62D62220438DF008569DC /* FXReachability.framework in Frameworks */ = {isa = PBXBuildFile; fileRef = 6FA62D5C2204389A008569DC /* FXReachability.framework */; };
		6FA62D63220438DF008569DC /* FXReachability.framework in Embed Frameworks */ = {isa = PBXBuildFile; fileRef = 6FA62D5C2204389A008569DC /* FXReachability.framework */; settings = {ATTRIBUTES = (CodeSignOnCopy, RemoveHeadersOnCopy, ); }; };
		6FA62D64220438DF008569DC /* SRGIdentity.framework in Frameworks */ = {isa = PBXBuildFile; fileRef = 6FA62D5D2204389A008569DC /* SRGIdentity.framework */; };
		6FA62D65220438DF008569DC /* SRGIdentity.framework in Embed Frameworks */ = {isa = PBXBuildFile; fileRef = 6FA62D5D2204389A008569DC /* SRGIdentity.framework */; settings = {ATTRIBUTES = (CodeSignOnCopy, RemoveHeadersOnCopy, ); }; };
		6FA62D66220438DF008569DC /* UICKeyChainStore.framework in Frameworks */ = {isa = PBXBuildFile; fileRef = 6FA62D5E2204389A008569DC /* UICKeyChainStore.framework */; };
		6FA62D67220438DF008569DC /* UICKeyChainStore.framework in Embed Frameworks */ = {isa = PBXBuildFile; fileRef = 6FA62D5E2204389A008569DC /* UICKeyChainStore.framework */; settings = {ATTRIBUTES = (CodeSignOnCopy, RemoveHeadersOnCopy, ); }; };
		6FA62D692204394B008569DC /* Mantle.framework in Frameworks */ = {isa = PBXBuildFile; fileRef = 6FA62D682204394B008569DC /* Mantle.framework */; };
		6FA62D6A22043955008569DC /* Mantle.framework in Frameworks */ = {isa = PBXBuildFile; fileRef = 6FA62D682204394B008569DC /* Mantle.framework */; };
		6FA62D6B22043955008569DC /* Mantle.framework in Embed Frameworks */ = {isa = PBXBuildFile; fileRef = 6FA62D682204394B008569DC /* Mantle.framework */; settings = {ATTRIBUTES = (CodeSignOnCopy, RemoveHeadersOnCopy, ); }; };
		6FA62D6C220439AD008569DC /* FXReachability.framework in Frameworks */ = {isa = PBXBuildFile; fileRef = 6FA62D5C2204389A008569DC /* FXReachability.framework */; };
		6FA62D6D220439AD008569DC /* Mantle.framework in Frameworks */ = {isa = PBXBuildFile; fileRef = 6FA62D682204394B008569DC /* Mantle.framework */; };
		6FA62D6E220439AD008569DC /* SRGIdentity.framework in Frameworks */ = {isa = PBXBuildFile; fileRef = 6FA62D5D2204389A008569DC /* SRGIdentity.framework */; };
		6FA62D6F220439AD008569DC /* UICKeyChainStore.framework in Frameworks */ = {isa = PBXBuildFile; fileRef = 6FA62D5E2204389A008569DC /* UICKeyChainStore.framework */; };
		6FA62D70220439CF008569DC /* Mantle.framework in Copy Files */ = {isa = PBXBuildFile; fileRef = 6FA62D682204394B008569DC /* Mantle.framework */; settings = {ATTRIBUTES = (CodeSignOnCopy, RemoveHeadersOnCopy, ); }; };
		6FA62D71220439CF008569DC /* FXReachability.framework in Copy Files */ = {isa = PBXBuildFile; fileRef = 6FA62D5C2204389A008569DC /* FXReachability.framework */; settings = {ATTRIBUTES = (CodeSignOnCopy, RemoveHeadersOnCopy, ); }; };
		6FA62D72220439CF008569DC /* SRGIdentity.framework in Copy Files */ = {isa = PBXBuildFile; fileRef = 6FA62D5D2204389A008569DC /* SRGIdentity.framework */; settings = {ATTRIBUTES = (CodeSignOnCopy, RemoveHeadersOnCopy, ); }; };
		6FA62D73220439CF008569DC /* UICKeyChainStore.framework in Copy Files */ = {isa = PBXBuildFile; fileRef = 6FA62D5E2204389A008569DC /* UICKeyChainStore.framework */; settings = {ATTRIBUTES = (CodeSignOnCopy, RemoveHeadersOnCopy, ); }; };
		6FB74D6C2101D4D200E2D365 /* SRGUserData.framework in Frameworks */ = {isa = PBXBuildFile; fileRef = 6F0EB53120FC7F58009C02CF /* SRGUserData.framework */; };
		6FB74D772101D5D600E2D365 /* HistoryTestCase.m in Sources */ = {isa = PBXBuildFile; fileRef = 6FB74D742101D5D600E2D365 /* HistoryTestCase.m */; };
		6FB74D7B2101D69F00E2D365 /* SRGNetwork.framework in Copy Files */ = {isa = PBXBuildFile; fileRef = 6F0432BC21006E7A002B090A /* SRGNetwork.framework */; settings = {ATTRIBUTES = (CodeSignOnCopy, RemoveHeadersOnCopy, ); }; };
		6FE91E7B2108A36A001B5E8F /* SRGNetwork.framework in Frameworks */ = {isa = PBXBuildFile; fileRef = 6F0432BC21006E7A002B090A /* SRGNetwork.framework */; };
/* End PBXBuildFile section */

/* Begin PBXContainerItemProxy section */
		6F0C98EF2121E26400073AB6 /* PBXContainerItemProxy */ = {
			isa = PBXContainerItemProxy;
			containerPortal = 6F0EB52820FC7F58009C02CF /* Project object */;
			proxyType = 1;
			remoteGlobalIDString = 6F0C98E52121E1C200073AB6;
			remoteInfo = "SRGUserData-resources";
		};
		6F8A940520FDD01B00AA6434 /* PBXContainerItemProxy */ = {
			isa = PBXContainerItemProxy;
			containerPortal = 6F0EB52820FC7F58009C02CF /* Project object */;
			proxyType = 1;
			remoteGlobalIDString = 6F0EB53020FC7F58009C02CF;
			remoteInfo = SRGUserData;
		};
		6FB74D6D2101D4D200E2D365 /* PBXContainerItemProxy */ = {
			isa = PBXContainerItemProxy;
			containerPortal = 6F0EB52820FC7F58009C02CF /* Project object */;
			proxyType = 1;
			remoteGlobalIDString = 6F0EB53020FC7F58009C02CF;
			remoteInfo = SRGUserData;
		};
/* End PBXContainerItemProxy section */

/* Begin PBXCopyFilesBuildPhase section */
		6F8A940720FDD01B00AA6434 /* Embed Frameworks */ = {
			isa = PBXCopyFilesBuildPhase;
			buildActionMask = 2147483647;
			dstPath = "";
			dstSubfolderSpec = 10;
			files = (
				6FA62D67220438DF008569DC /* UICKeyChainStore.framework in Embed Frameworks */,
				6FA62D65220438DF008569DC /* SRGIdentity.framework in Embed Frameworks */,
				6F0432BF21007340002B090A /* SRGNetwork.framework in Embed Frameworks */,
				0858B6A422010CD6000F00CF /* MAKVONotificationCenter.framework in Embed Frameworks */,
				0858B6A222010CD6000F00CF /* libextobjc.framework in Embed Frameworks */,
				6FA62D6B22043955008569DC /* Mantle.framework in Embed Frameworks */,
				6F8A940420FDD01B00AA6434 /* SRGUserData.framework in Embed Frameworks */,
				0858B6A622010CD6000F00CF /* SRGLogger.framework in Embed Frameworks */,
				6FA62D63220438DF008569DC /* FXReachability.framework in Embed Frameworks */,
			);
			name = "Embed Frameworks";
			runOnlyForDeploymentPostprocessing = 0;
		};
		6FB74D7A2101D68F00E2D365 /* Copy Files */ = {
			isa = PBXCopyFilesBuildPhase;
			buildActionMask = 2147483647;
			dstPath = "";
			dstSubfolderSpec = 10;
			files = (
				6FA62D70220439CF008569DC /* Mantle.framework in Copy Files */,
				6FA62D71220439CF008569DC /* FXReachability.framework in Copy Files */,
				6FA62D72220439CF008569DC /* SRGIdentity.framework in Copy Files */,
				6FA62D73220439CF008569DC /* UICKeyChainStore.framework in Copy Files */,
				6F3246192201B1D20017D00E /* SRGLogger.framework in Copy Files */,
				6F3246182201B1CD0017D00E /* MAKVONotificationCenter.framework in Copy Files */,
				6F3246172201B1CA0017D00E /* libextobjc.framework in Copy Files */,
				6FB74D7B2101D69F00E2D365 /* SRGNetwork.framework in Copy Files */,
			);
			name = "Copy Files";
			runOnlyForDeploymentPostprocessing = 0;
		};
/* End PBXCopyFilesBuildPhase section */

/* Begin PBXFileReference section */
		0858B69522010C9E000F00CF /* SRGLogger.framework */ = {isa = PBXFileReference; lastKnownFileType = wrapper.framework; name = SRGLogger.framework; path = Carthage/Build/iOS/SRGLogger.framework; sourceTree = "<group>"; };
		0858B69622010C9E000F00CF /* libextobjc.framework */ = {isa = PBXFileReference; lastKnownFileType = wrapper.framework; name = libextobjc.framework; path = Carthage/Build/iOS/libextobjc.framework; sourceTree = "<group>"; };
		0858B69722010C9E000F00CF /* MAKVONotificationCenter.framework */ = {isa = PBXFileReference; lastKnownFileType = wrapper.framework; name = MAKVONotificationCenter.framework; path = Carthage/Build/iOS/MAKVONotificationCenter.framework; sourceTree = "<group>"; };
		6F01789A22047A8D00B4BCD9 /* SRGDataStore.h */ = {isa = PBXFileReference; fileEncoding = 4; lastKnownFileType = sourcecode.c.h; path = SRGDataStore.h; sourceTree = "<group>"; };
		6F01789B22047A8D00B4BCD9 /* SRGDataStore.m */ = {isa = PBXFileReference; fileEncoding = 4; lastKnownFileType = sourcecode.c.objc; path = SRGDataStore.m; sourceTree = "<group>"; };
		6F01789E22047D7300B4BCD9 /* SRGUserDataLogger.h */ = {isa = PBXFileReference; fileEncoding = 4; lastKnownFileType = sourcecode.c.h; path = SRGUserDataLogger.h; sourceTree = "<group>"; };
		6F0178A0220482AE00B4BCD9 /* SRGUserDataError.m */ = {isa = PBXFileReference; fileEncoding = 4; lastKnownFileType = sourcecode.c.objc; path = SRGUserDataError.m; sourceTree = "<group>"; };
		6F0178A1220482AE00B4BCD9 /* SRGUserDataError.h */ = {isa = PBXFileReference; fileEncoding = 4; lastKnownFileType = sourcecode.c.h; path = SRGUserDataError.h; sourceTree = "<group>"; };
		6F0178A422048B2800B4BCD9 /* DataStoreTestCase.m */ = {isa = PBXFileReference; fileEncoding = 4; lastKnownFileType = sourcecode.c.objc; path = DataStoreTestCase.m; sourceTree = "<group>"; };
		6F0178AB22080FEC00B4BCD9 /* SRGHistoryEntry.h */ = {isa = PBXFileReference; fileEncoding = 4; lastKnownFileType = sourcecode.c.h; path = SRGHistoryEntry.h; sourceTree = "<group>"; };
		6F0178AC22080FEC00B4BCD9 /* SRGUser.m */ = {isa = PBXFileReference; fileEncoding = 4; lastKnownFileType = sourcecode.c.objc; path = SRGUser.m; sourceTree = "<group>"; };
		6F0178AD22080FEC00B4BCD9 /* SRGUser.h */ = {isa = PBXFileReference; fileEncoding = 4; lastKnownFileType = sourcecode.c.h; path = SRGUser.h; sourceTree = "<group>"; };
		6F0178AE22080FEC00B4BCD9 /* SRGHistoryEntry.m */ = {isa = PBXFileReference; fileEncoding = 4; lastKnownFileType = sourcecode.c.objc; path = SRGHistoryEntry.m; sourceTree = "<group>"; };
		6F0178C72208137C00B4BCD9 /* PlayData.xcdatamodel */ = {isa = PBXFileReference; lastKnownFileType = wrapper.xcdatamodel; path = PlayData.xcdatamodel; sourceTree = "<group>"; };
		6F0178C92208192B00B4BCD9 /* NSTimer+SRGUserData.m */ = {isa = PBXFileReference; fileEncoding = 4; lastKnownFileType = sourcecode.c.objc; path = "NSTimer+SRGUserData.m"; sourceTree = "<group>"; };
		6F0178CA2208192B00B4BCD9 /* NSTimer+SRGUserData.h */ = {isa = PBXFileReference; fileEncoding = 4; lastKnownFileType = sourcecode.c.h; path = "NSTimer+SRGUserData.h"; sourceTree = "<group>"; };
		6F0178CE2208199800B4BCD9 /* SRGUserDataTimerTarget.h */ = {isa = PBXFileReference; fileEncoding = 4; lastKnownFileType = sourcecode.c.h; path = SRGUserDataTimerTarget.h; sourceTree = "<group>"; };
		6F0178CF2208199800B4BCD9 /* SRGUserDataTimerTarget.m */ = {isa = PBXFileReference; fileEncoding = 4; lastKnownFileType = sourcecode.c.objc; path = SRGUserDataTimerTarget.m; sourceTree = "<group>"; };
		6F0432BC21006E7A002B090A /* SRGNetwork.framework */ = {isa = PBXFileReference; lastKnownFileType = wrapper.framework; name = SRGNetwork.framework; path = Carthage/Build/iOS/SRGNetwork.framework; sourceTree = "<group>"; };
		6F0C98E62121E1C200073AB6 /* SRGUserData.bundle */ = {isa = PBXFileReference; explicitFileType = wrapper.cfbundle; includeInIndex = 0; path = SRGUserData.bundle; sourceTree = BUILT_PRODUCTS_DIR; };
		6F0EB53120FC7F58009C02CF /* SRGUserData.framework */ = {isa = PBXFileReference; explicitFileType = wrapper.framework; includeInIndex = 0; path = SRGUserData.framework; sourceTree = BUILT_PRODUCTS_DIR; };
		6F0EB53E20FC7FA9009C02CF /* SRGUserData.h */ = {isa = PBXFileReference; fileEncoding = 4; lastKnownFileType = sourcecode.c.h; path = SRGUserData.h; sourceTree = "<group>"; };
		6F0EB53F20FC7FA9009C02CF /* Info.plist */ = {isa = PBXFileReference; fileEncoding = 4; lastKnownFileType = text.plist.xml; path = Info.plist; sourceTree = "<group>"; };
		6F0EB54220FC7FF4009C02CF /* SRGUserData.m */ = {isa = PBXFileReference; lastKnownFileType = sourcecode.c.objc; path = SRGUserData.m; sourceTree = "<group>"; };
		6F0EB54520FC8049009C02CF /* NSBundle+SRGUserData.m */ = {isa = PBXFileReference; fileEncoding = 4; lastKnownFileType = sourcecode.c.objc; path = "NSBundle+SRGUserData.m"; sourceTree = "<group>"; };
		6F0EB54620FC8049009C02CF /* NSBundle+SRGUserData.h */ = {isa = PBXFileReference; fileEncoding = 4; lastKnownFileType = sourcecode.c.h; path = "NSBundle+SRGUserData.h"; sourceTree = "<group>"; };
		6F5A558822045311006647AC /* SRGModelManager.h */ = {isa = PBXFileReference; fileEncoding = 4; lastKnownFileType = sourcecode.c.h; path = SRGModelManager.h; sourceTree = "<group>"; };
		6F5A558922045311006647AC /* SRGModelManager.m */ = {isa = PBXFileReference; fileEncoding = 4; lastKnownFileType = sourcecode.c.objc; path = SRGModelManager.m; sourceTree = "<group>"; };
		6F7B78682108A05C001E3BBE /* SRGHistory.h */ = {isa = PBXFileReference; lastKnownFileType = sourcecode.c.h; path = SRGHistory.h; sourceTree = "<group>"; };
		6F7B78692108A05C001E3BBE /* SRGHistory.m */ = {isa = PBXFileReference; lastKnownFileType = sourcecode.c.objc; path = SRGHistory.m; sourceTree = "<group>"; };
		6F8A93D820FDCA0800AA6434 /* SRGUserData-demo.app */ = {isa = PBXFileReference; explicitFileType = wrapper.application; includeInIndex = 0; path = "SRGUserData-demo.app"; sourceTree = BUILT_PRODUCTS_DIR; };
		6F8A93F020FDCAA800AA6434 /* LaunchScreen.storyboard */ = {isa = PBXFileReference; fileEncoding = 4; lastKnownFileType = file.storyboard; path = LaunchScreen.storyboard; sourceTree = "<group>"; };
		6F8A93F120FDCAA800AA6434 /* Images.xcassets */ = {isa = PBXFileReference; lastKnownFileType = folder.assetcatalog; path = Images.xcassets; sourceTree = "<group>"; };
		6F8A93F420FDCAA800AA6434 /* AppDelegate.h */ = {isa = PBXFileReference; fileEncoding = 4; lastKnownFileType = sourcecode.c.h; path = AppDelegate.h; sourceTree = "<group>"; };
		6F8A93F520FDCAA800AA6434 /* main.m */ = {isa = PBXFileReference; fileEncoding = 4; lastKnownFileType = sourcecode.c.objc; path = main.m; sourceTree = "<group>"; };
		6F8A93F620FDCAA800AA6434 /* AppDelegate.m */ = {isa = PBXFileReference; fileEncoding = 4; lastKnownFileType = sourcecode.c.objc; path = AppDelegate.m; sourceTree = "<group>"; };
		6F8A93F820FDCAA800AA6434 /* DemosViewController.h */ = {isa = PBXFileReference; fileEncoding = 4; lastKnownFileType = sourcecode.c.h; path = DemosViewController.h; sourceTree = "<group>"; };
		6F8A93F920FDCAA800AA6434 /* DemosViewController.m */ = {isa = PBXFileReference; fileEncoding = 4; lastKnownFileType = sourcecode.c.objc; path = DemosViewController.m; sourceTree = "<group>"; };
		6F8A93FA20FDCAA800AA6434 /* Info.plist */ = {isa = PBXFileReference; fileEncoding = 4; lastKnownFileType = text.plist.xml; path = Info.plist; sourceTree = "<group>"; };
		6F8A940120FDCBA600AA6434 /* DemosViewController.storyboard */ = {isa = PBXFileReference; lastKnownFileType = file.storyboard; path = DemosViewController.storyboard; sourceTree = "<group>"; };
		6FA62D5C2204389A008569DC /* FXReachability.framework */ = {isa = PBXFileReference; lastKnownFileType = wrapper.framework; name = FXReachability.framework; path = Carthage/Build/iOS/FXReachability.framework; sourceTree = "<group>"; };
		6FA62D5D2204389A008569DC /* SRGIdentity.framework */ = {isa = PBXFileReference; lastKnownFileType = wrapper.framework; name = SRGIdentity.framework; path = Carthage/Build/iOS/SRGIdentity.framework; sourceTree = "<group>"; };
		6FA62D5E2204389A008569DC /* UICKeyChainStore.framework */ = {isa = PBXFileReference; lastKnownFileType = wrapper.framework; name = UICKeyChainStore.framework; path = Carthage/Build/iOS/UICKeyChainStore.framework; sourceTree = "<group>"; };
		6FA62D682204394B008569DC /* Mantle.framework */ = {isa = PBXFileReference; lastKnownFileType = wrapper.framework; name = Mantle.framework; path = Carthage/Build/iOS/Mantle.framework; sourceTree = "<group>"; };
		6FB74D672101D4D200E2D365 /* SRGUserData-tests.xctest */ = {isa = PBXFileReference; explicitFileType = wrapper.cfbundle; includeInIndex = 0; path = "SRGUserData-tests.xctest"; sourceTree = BUILT_PRODUCTS_DIR; };
		6FB74D742101D5D600E2D365 /* HistoryTestCase.m */ = {isa = PBXFileReference; fileEncoding = 4; lastKnownFileType = sourcecode.c.objc; path = HistoryTestCase.m; sourceTree = "<group>"; };
		6FB74D762101D5D600E2D365 /* Info.plist */ = {isa = PBXFileReference; fileEncoding = 4; lastKnownFileType = text.plist.xml; path = Info.plist; sourceTree = "<group>"; };
		6FCBFEF8210B578B006BC355 /* en */ = {isa = PBXFileReference; lastKnownFileType = text.plist.strings; name = en; path = en.lproj/Localizable.strings; sourceTree = "<group>"; };
		6FCBFEFA210B57BD006BC355 /* it */ = {isa = PBXFileReference; lastKnownFileType = text.plist.strings; name = it; path = it.lproj/Localizable.strings; sourceTree = "<group>"; };
		6FCBFEFB210B57BD006BC355 /* de */ = {isa = PBXFileReference; lastKnownFileType = text.plist.strings; name = de; path = de.lproj/Localizable.strings; sourceTree = "<group>"; };
		6FCBFEFC210B57BE006BC355 /* fr */ = {isa = PBXFileReference; lastKnownFileType = text.plist.strings; name = fr; path = fr.lproj/Localizable.strings; sourceTree = "<group>"; };
		6FCBFEFD210B57BE006BC355 /* rm */ = {isa = PBXFileReference; lastKnownFileType = text.plist.strings; name = rm; path = rm.lproj/Localizable.strings; sourceTree = "<group>"; };
		6FE6E5E32148DC1D00228573 /* Info.plist */ = {isa = PBXFileReference; lastKnownFileType = text.plist.xml; path = Info.plist; sourceTree = "<group>"; };
/* End PBXFileReference section */

/* Begin PBXFrameworksBuildPhase section */
		6F0C98E32121E1C200073AB6 /* Frameworks */ = {
			isa = PBXFrameworksBuildPhase;
			buildActionMask = 2147483647;
			files = (
			);
			runOnlyForDeploymentPostprocessing = 0;
		};
		6F0EB52D20FC7F58009C02CF /* Frameworks */ = {
			isa = PBXFrameworksBuildPhase;
			buildActionMask = 2147483647;
			files = (
				6FA62D692204394B008569DC /* Mantle.framework in Frameworks */,
				6FA62D5F2204389A008569DC /* FXReachability.framework in Frameworks */,
				6FA62D602204389A008569DC /* SRGIdentity.framework in Frameworks */,
				6FA62D612204389A008569DC /* UICKeyChainStore.framework in Frameworks */,
				0858B69E22010C9E000F00CF /* MAKVONotificationCenter.framework in Frameworks */,
				6F0432BD21006E7A002B090A /* SRGNetwork.framework in Frameworks */,
				0858B69B22010C9E000F00CF /* libextobjc.framework in Frameworks */,
				0858B69822010C9E000F00CF /* SRGLogger.framework in Frameworks */,
			);
			runOnlyForDeploymentPostprocessing = 0;
		};
		6F8A93D520FDCA0800AA6434 /* Frameworks */ = {
			isa = PBXFrameworksBuildPhase;
			buildActionMask = 2147483647;
			files = (
				6FA62D66220438DF008569DC /* UICKeyChainStore.framework in Frameworks */,
				6FA62D64220438DF008569DC /* SRGIdentity.framework in Frameworks */,
				6F0432BE21007340002B090A /* SRGNetwork.framework in Frameworks */,
				0858B6A322010CD6000F00CF /* MAKVONotificationCenter.framework in Frameworks */,
				0858B6A522010CD6000F00CF /* SRGLogger.framework in Frameworks */,
				6FA62D6A22043955008569DC /* Mantle.framework in Frameworks */,
				0858B69C22010C9E000F00CF /* libextobjc.framework in Frameworks */,
				6F8A940320FDD01B00AA6434 /* SRGUserData.framework in Frameworks */,
				6FA62D62220438DF008569DC /* FXReachability.framework in Frameworks */,
			);
			runOnlyForDeploymentPostprocessing = 0;
		};
		6FB74D642101D4D200E2D365 /* Frameworks */ = {
			isa = PBXFrameworksBuildPhase;
			buildActionMask = 2147483647;
			files = (
				6FA62D6C220439AD008569DC /* FXReachability.framework in Frameworks */,
				6FA62D6D220439AD008569DC /* Mantle.framework in Frameworks */,
				6FA62D6E220439AD008569DC /* SRGIdentity.framework in Frameworks */,
				6FA62D6F220439AD008569DC /* UICKeyChainStore.framework in Frameworks */,
				0858B6A022010C9E000F00CF /* MAKVONotificationCenter.framework in Frameworks */,
				0858B69D22010C9E000F00CF /* libextobjc.framework in Frameworks */,
				6FE91E7B2108A36A001B5E8F /* SRGNetwork.framework in Frameworks */,
				6FB74D6C2101D4D200E2D365 /* SRGUserData.framework in Frameworks */,
				0858B69A22010C9E000F00CF /* SRGLogger.framework in Frameworks */,
			);
			runOnlyForDeploymentPostprocessing = 0;
		};
/* End PBXFrameworksBuildPhase section */

/* Begin PBXGroup section */
		6F0178AA22080FEC00B4BCD9 /* Model */ = {
			isa = PBXGroup;
			children = (
				6F0178AB22080FEC00B4BCD9 /* SRGHistoryEntry.h */,
				6F0178AE22080FEC00B4BCD9 /* SRGHistoryEntry.m */,
				6F0178AD22080FEC00B4BCD9 /* SRGUser.h */,
				6F0178AC22080FEC00B4BCD9 /* SRGUser.m */,
			);
			path = Model;
			sourceTree = "<group>";
		};
		6F0178C52208137C00B4BCD9 /* Data */ = {
			isa = PBXGroup;
			children = (
				6F0178C62208137C00B4BCD9 /* SRGUserData.xcdatamodeld */,
			);
			path = Data;
			sourceTree = "<group>";
		};
		6F0178CD2208199800B4BCD9 /* Helpers */ = {
			isa = PBXGroup;
			children = (
				6F0178CE2208199800B4BCD9 /* SRGUserDataTimerTarget.h */,
				6F0178CF2208199800B4BCD9 /* SRGUserDataTimerTarget.m */,
			);
			path = Helpers;
			sourceTree = "<group>";
		};
		6F0EB52720FC7F58009C02CF = {
			isa = PBXGroup;
			children = (
				6F0EB53C20FC7FA9009C02CF /* Framework */,
				6FB74D722101D5D600E2D365 /* Tests */,
				6F8A93EE20FDCAA800AA6434 /* Demo */,
				6F8A945521006A9E00AA6434 /* Frameworks */,
				6F0EB53220FC7F58009C02CF /* Products */,
			);
			sourceTree = "<group>";
		};
		6F0EB53220FC7F58009C02CF /* Products */ = {
			isa = PBXGroup;
			children = (
				6F0EB53120FC7F58009C02CF /* SRGUserData.framework */,
				6F8A93D820FDCA0800AA6434 /* SRGUserData-demo.app */,
				6FB74D672101D4D200E2D365 /* SRGUserData-tests.xctest */,
				6F0C98E62121E1C200073AB6 /* SRGUserData.bundle */,
			);
			name = Products;
			sourceTree = "<group>";
		};
		6F0EB53C20FC7FA9009C02CF /* Framework */ = {
			isa = PBXGroup;
			children = (
				6F0178C52208137C00B4BCD9 /* Data */,
				6F0EB53D20FC7FA9009C02CF /* Sources */,
				6FCBFEF6210B571C006BC355 /* Resources */,
				6F0EB53F20FC7FA9009C02CF /* Info.plist */,
			);
			path = Framework;
			sourceTree = "<group>";
		};
		6F0EB53D20FC7FA9009C02CF /* Sources */ = {
			isa = PBXGroup;
			children = (
				6F0EB54420FC8049009C02CF /* Categories */,
				6F0178CD2208199800B4BCD9 /* Helpers */,
				6F0178AA22080FEC00B4BCD9 /* Model */,
				6F01789A22047A8D00B4BCD9 /* SRGDataStore.h */,
				6F01789B22047A8D00B4BCD9 /* SRGDataStore.m */,
				6F7B78682108A05C001E3BBE /* SRGHistory.h */,
				6F7B78692108A05C001E3BBE /* SRGHistory.m */,
				6F5A558822045311006647AC /* SRGModelManager.h */,
				6F5A558922045311006647AC /* SRGModelManager.m */,
				6F0EB53E20FC7FA9009C02CF /* SRGUserData.h */,
				6F0EB54220FC7FF4009C02CF /* SRGUserData.m */,
				6F0178A1220482AE00B4BCD9 /* SRGUserDataError.h */,
				6F0178A0220482AE00B4BCD9 /* SRGUserDataError.m */,
				6F01789E22047D7300B4BCD9 /* SRGUserDataLogger.h */,
			);
			path = Sources;
			sourceTree = "<group>";
		};
		6F0EB54420FC8049009C02CF /* Categories */ = {
			isa = PBXGroup;
			children = (
				6F0EB54620FC8049009C02CF /* NSBundle+SRGUserData.h */,
				6F0EB54520FC8049009C02CF /* NSBundle+SRGUserData.m */,
				6F0178CA2208192B00B4BCD9 /* NSTimer+SRGUserData.h */,
				6F0178C92208192B00B4BCD9 /* NSTimer+SRGUserData.m */,
			);
			path = Categories;
			sourceTree = "<group>";
		};
		6F8A93EE20FDCAA800AA6434 /* Demo */ = {
			isa = PBXGroup;
			children = (
				6F8A93F220FDCAA800AA6434 /* Sources */,
				6F8A93EF20FDCAA800AA6434 /* Resources */,
				6F8A93FA20FDCAA800AA6434 /* Info.plist */,
			);
			path = Demo;
			sourceTree = "<group>";
		};
		6F8A93EF20FDCAA800AA6434 /* Resources */ = {
			isa = PBXGroup;
			children = (
				6F8A93F020FDCAA800AA6434 /* LaunchScreen.storyboard */,
				6F8A93F120FDCAA800AA6434 /* Images.xcassets */,
			);
			path = Resources;
			sourceTree = "<group>";
		};
		6F8A93F220FDCAA800AA6434 /* Sources */ = {
			isa = PBXGroup;
			children = (
				6F8A93F320FDCAA800AA6434 /* Application */,
				6F8A93F720FDCAA800AA6434 /* Demos */,
			);
			path = Sources;
			sourceTree = "<group>";
		};
		6F8A93F320FDCAA800AA6434 /* Application */ = {
			isa = PBXGroup;
			children = (
				6F8A93F420FDCAA800AA6434 /* AppDelegate.h */,
				6F8A93F620FDCAA800AA6434 /* AppDelegate.m */,
				6F8A93F520FDCAA800AA6434 /* main.m */,
			);
			path = Application;
			sourceTree = "<group>";
		};
		6F8A93F720FDCAA800AA6434 /* Demos */ = {
			isa = PBXGroup;
			children = (
				6F8A93F820FDCAA800AA6434 /* DemosViewController.h */,
				6F8A93F920FDCAA800AA6434 /* DemosViewController.m */,
				6F8A940120FDCBA600AA6434 /* DemosViewController.storyboard */,
			);
			path = Demos;
			sourceTree = "<group>";
		};
		6F8A945521006A9E00AA6434 /* Frameworks */ = {
			isa = PBXGroup;
			children = (
				6FA62D5C2204389A008569DC /* FXReachability.framework */,
				0858B69622010C9E000F00CF /* libextobjc.framework */,
				0858B69722010C9E000F00CF /* MAKVONotificationCenter.framework */,
				6FA62D682204394B008569DC /* Mantle.framework */,
				6FA62D5D2204389A008569DC /* SRGIdentity.framework */,
				0858B69522010C9E000F00CF /* SRGLogger.framework */,
				6F0432BC21006E7A002B090A /* SRGNetwork.framework */,
				6FA62D5E2204389A008569DC /* UICKeyChainStore.framework */,
			);
			name = Frameworks;
			sourceTree = "<group>";
		};
		6FB74D722101D5D600E2D365 /* Tests */ = {
			isa = PBXGroup;
			children = (
				6FB74D732101D5D600E2D365 /* Sources */,
				6FB74D762101D5D600E2D365 /* Info.plist */,
			);
			path = Tests;
			sourceTree = SOURCE_ROOT;
		};
		6FB74D732101D5D600E2D365 /* Sources */ = {
			isa = PBXGroup;
			children = (
				6F0178A422048B2800B4BCD9 /* DataStoreTestCase.m */,
				6FB74D742101D5D600E2D365 /* HistoryTestCase.m */,
			);
			path = Sources;
			sourceTree = "<group>";
		};
		6FCBFEF6210B571C006BC355 /* Resources */ = {
			isa = PBXGroup;
			children = (
				6FCBFEF7210B578B006BC355 /* Localizable.strings */,
				6FE6E5E32148DC1D00228573 /* Info.plist */,
			);
			path = Resources;
			sourceTree = "<group>";
		};
/* End PBXGroup section */

/* Begin PBXHeadersBuildPhase section */
		6F0EB52E20FC7F58009C02CF /* Headers */ = {
			isa = PBXHeadersBuildPhase;
			buildActionMask = 2147483647;
			files = (
				6F0178AF22080FEC00B4BCD9 /* SRGHistoryEntry.h in Headers */,
				6F0178B122080FEC00B4BCD9 /* SRGUser.h in Headers */,
				6F01789F22047D7300B4BCD9 /* SRGUserDataLogger.h in Headers */,
				6F0178D02208199800B4BCD9 /* SRGUserDataTimerTarget.h in Headers */,
				6F0178CC2208192B00B4BCD9 /* NSTimer+SRGUserData.h in Headers */,
				6F01789C22047A8D00B4BCD9 /* SRGDataStore.h in Headers */,
				6F0EB54020FC7FA9009C02CF /* SRGUserData.h in Headers */,
				6F0EB54820FC8049009C02CF /* NSBundle+SRGUserData.h in Headers */,
				6F7B786A2108A05C001E3BBE /* SRGHistory.h in Headers */,
				6F0178A3220482AF00B4BCD9 /* SRGUserDataError.h in Headers */,
				6F5A558A22045311006647AC /* SRGModelManager.h in Headers */,
			);
			runOnlyForDeploymentPostprocessing = 0;
		};
/* End PBXHeadersBuildPhase section */

/* Begin PBXNativeTarget section */
		6F0C98E52121E1C200073AB6 /* SRGUserData-resources */ = {
			isa = PBXNativeTarget;
			buildConfigurationList = 6F0C98E92121E1C200073AB6 /* Build configuration list for PBXNativeTarget "SRGUserData-resources" */;
			buildPhases = (
				6F0C98E22121E1C200073AB6 /* Sources */,
				6F0C98E32121E1C200073AB6 /* Frameworks */,
				6F0C98E42121E1C200073AB6 /* Resources */,
			);
			buildRules = (
			);
			dependencies = (
			);
			name = "SRGUserData-resources";
			productName = "SRGUserData-resources";
			productReference = 6F0C98E62121E1C200073AB6 /* SRGUserData.bundle */;
			productType = "com.apple.product-type.bundle";
		};
		6F0EB53020FC7F58009C02CF /* SRGUserData */ = {
			isa = PBXNativeTarget;
			buildConfigurationList = 6F0EB53920FC7F58009C02CF /* Build configuration list for PBXNativeTarget "SRGUserData" */;
			buildPhases = (
				6F0EB52C20FC7F58009C02CF /* Sources */,
				6F0EB52D20FC7F58009C02CF /* Frameworks */,
				6F0EB52E20FC7F58009C02CF /* Headers */,
				6F0EB52F20FC7F58009C02CF /* Resources */,
			);
			buildRules = (
			);
			dependencies = (
				6F0C98F02121E26400073AB6 /* PBXTargetDependency */,
			);
			name = SRGUserData;
			productName = SRGUserData;
			productReference = 6F0EB53120FC7F58009C02CF /* SRGUserData.framework */;
			productType = "com.apple.product-type.framework";
		};
		6F8A93D720FDCA0800AA6434 /* SRGUserData-demo */ = {
			isa = PBXNativeTarget;
			buildConfigurationList = 6F8A93EB20FDCA0900AA6434 /* Build configuration list for PBXNativeTarget "SRGUserData-demo" */;
			buildPhases = (
				6F8A93D420FDCA0800AA6434 /* Sources */,
				6F8A93D520FDCA0800AA6434 /* Frameworks */,
				6F8A93D620FDCA0800AA6434 /* Resources */,
				6F8A940720FDD01B00AA6434 /* Embed Frameworks */,
			);
			buildRules = (
			);
			dependencies = (
				6F8A940620FDD01B00AA6434 /* PBXTargetDependency */,
			);
			name = "SRGUserData-demo";
			productName = "SRGUserData-demo";
			productReference = 6F8A93D820FDCA0800AA6434 /* SRGUserData-demo.app */;
			productType = "com.apple.product-type.application";
		};
		6FB74D662101D4D200E2D365 /* SRGUserData-tests */ = {
			isa = PBXNativeTarget;
			buildConfigurationList = 6FB74D712101D4D200E2D365 /* Build configuration list for PBXNativeTarget "SRGUserData-tests" */;
			buildPhases = (
				6FB74D632101D4D200E2D365 /* Sources */,
				6FB74D642101D4D200E2D365 /* Frameworks */,
				6FB74D652101D4D200E2D365 /* Resources */,
				6FB74D7A2101D68F00E2D365 /* Copy Files */,
			);
			buildRules = (
			);
			dependencies = (
				6FB74D6E2101D4D200E2D365 /* PBXTargetDependency */,
			);
			name = "SRGUserData-tests";
			productName = "SRGUserData-tests";
			productReference = 6FB74D672101D4D200E2D365 /* SRGUserData-tests.xctest */;
			productType = "com.apple.product-type.bundle.unit-test";
		};
/* End PBXNativeTarget section */

/* Begin PBXProject section */
		6F0EB52820FC7F58009C02CF /* Project object */ = {
			isa = PBXProject;
			attributes = {
				LastUpgradeCheck = 1010;
				ORGANIZATIONNAME = "SRG SSR";
				TargetAttributes = {
					6F0C98E52121E1C200073AB6 = {
						CreatedOnToolsVersion = 9.4;
					};
					6F0EB53020FC7F58009C02CF = {
						CreatedOnToolsVersion = 9.4;
					};
					6F8A93D720FDCA0800AA6434 = {
						CreatedOnToolsVersion = 9.4;
					};
					6FB74D662101D4D200E2D365 = {
						CreatedOnToolsVersion = 9.4;
					};
				};
			};
			buildConfigurationList = 6F0EB52B20FC7F58009C02CF /* Build configuration list for PBXProject "SRGUserData" */;
			compatibilityVersion = "Xcode 9.3";
			developmentRegion = en;
			hasScannedForEncodings = 0;
			knownRegions = (
				en,
				Base,
				it,
				de,
				fr,
				rm,
			);
			mainGroup = 6F0EB52720FC7F58009C02CF;
			productRefGroup = 6F0EB53220FC7F58009C02CF /* Products */;
			projectDirPath = "";
			projectRoot = "";
			targets = (
				6F0EB53020FC7F58009C02CF /* SRGUserData */,
				6F0C98E52121E1C200073AB6 /* SRGUserData-resources */,
				6F8A93D720FDCA0800AA6434 /* SRGUserData-demo */,
				6FB74D662101D4D200E2D365 /* SRGUserData-tests */,
			);
		};
/* End PBXProject section */

/* Begin PBXResourcesBuildPhase section */
		6F0C98E42121E1C200073AB6 /* Resources */ = {
			isa = PBXResourcesBuildPhase;
			buildActionMask = 2147483647;
			files = (
				6F0C98EE2121E1D600073AB6 /* Localizable.strings in Resources */,
			);
			runOnlyForDeploymentPostprocessing = 0;
		};
		6F0EB52F20FC7F58009C02CF /* Resources */ = {
			isa = PBXResourcesBuildPhase;
			buildActionMask = 2147483647;
			files = (
				6F0C98F12121E26A00073AB6 /* SRGUserData.bundle in Resources */,
			);
			runOnlyForDeploymentPostprocessing = 0;
		};
		6F8A93D620FDCA0800AA6434 /* Resources */ = {
			isa = PBXResourcesBuildPhase;
			buildActionMask = 2147483647;
			files = (
				6F8A93FB20FDCAA800AA6434 /* LaunchScreen.storyboard in Resources */,
				6F8A940220FDCBA600AA6434 /* DemosViewController.storyboard in Resources */,
				6F8A93FC20FDCAA800AA6434 /* Images.xcassets in Resources */,
			);
			runOnlyForDeploymentPostprocessing = 0;
		};
		6FB74D652101D4D200E2D365 /* Resources */ = {
			isa = PBXResourcesBuildPhase;
			buildActionMask = 2147483647;
			files = (
			);
			runOnlyForDeploymentPostprocessing = 0;
		};
/* End PBXResourcesBuildPhase section */

/* Begin PBXSourcesBuildPhase section */
		6F0C98E22121E1C200073AB6 /* Sources */ = {
			isa = PBXSourcesBuildPhase;
			buildActionMask = 2147483647;
			files = (
			);
			runOnlyForDeploymentPostprocessing = 0;
		};
		6F0EB52C20FC7F58009C02CF /* Sources */ = {
			isa = PBXSourcesBuildPhase;
			buildActionMask = 2147483647;
			files = (
				6F0178D12208199800B4BCD9 /* SRGUserDataTimerTarget.m in Sources */,
				6F01789D22047A8D00B4BCD9 /* SRGDataStore.m in Sources */,
				6F0178B022080FEC00B4BCD9 /* SRGUser.m in Sources */,
				6F5A558B22045311006647AC /* SRGModelManager.m in Sources */,
				6F0EB54720FC8049009C02CF /* NSBundle+SRGUserData.m in Sources */,
				6F0EB54320FC7FF4009C02CF /* SRGUserData.m in Sources */,
				6F0178B222080FEC00B4BCD9 /* SRGHistoryEntry.m in Sources */,
				6F0178A2220482AF00B4BCD9 /* SRGUserDataError.m in Sources */,
				6F0178C82208137C00B4BCD9 /* SRGUserData.xcdatamodeld in Sources */,
				6F0178CB2208192B00B4BCD9 /* NSTimer+SRGUserData.m in Sources */,
				6F7B786B2108A05C001E3BBE /* SRGHistory.m in Sources */,
			);
			runOnlyForDeploymentPostprocessing = 0;
		};
		6F8A93D420FDCA0800AA6434 /* Sources */ = {
			isa = PBXSourcesBuildPhase;
			buildActionMask = 2147483647;
			files = (
				6F8A93FE20FDCAA800AA6434 /* AppDelegate.m in Sources */,
				6F8A93FD20FDCAA800AA6434 /* main.m in Sources */,
				6F8A93FF20FDCAA800AA6434 /* DemosViewController.m in Sources */,
			);
			runOnlyForDeploymentPostprocessing = 0;
		};
		6FB74D632101D4D200E2D365 /* Sources */ = {
			isa = PBXSourcesBuildPhase;
			buildActionMask = 2147483647;
			files = (
				6FB74D772101D5D600E2D365 /* HistoryTestCase.m in Sources */,
				6F0178A522048B2800B4BCD9 /* DataStoreTestCase.m in Sources */,
			);
			runOnlyForDeploymentPostprocessing = 0;
		};
/* End PBXSourcesBuildPhase section */

/* Begin PBXTargetDependency section */
		6F0C98F02121E26400073AB6 /* PBXTargetDependency */ = {
			isa = PBXTargetDependency;
			target = 6F0C98E52121E1C200073AB6 /* SRGUserData-resources */;
			targetProxy = 6F0C98EF2121E26400073AB6 /* PBXContainerItemProxy */;
		};
		6F8A940620FDD01B00AA6434 /* PBXTargetDependency */ = {
			isa = PBXTargetDependency;
			target = 6F0EB53020FC7F58009C02CF /* SRGUserData */;
			targetProxy = 6F8A940520FDD01B00AA6434 /* PBXContainerItemProxy */;
		};
		6FB74D6E2101D4D200E2D365 /* PBXTargetDependency */ = {
			isa = PBXTargetDependency;
			target = 6F0EB53020FC7F58009C02CF /* SRGUserData */;
			targetProxy = 6FB74D6D2101D4D200E2D365 /* PBXContainerItemProxy */;
		};
/* End PBXTargetDependency section */

/* Begin PBXVariantGroup section */
		6FCBFEF7210B578B006BC355 /* Localizable.strings */ = {
			isa = PBXVariantGroup;
			children = (
				6FCBFEF8210B578B006BC355 /* en */,
				6FCBFEFA210B57BD006BC355 /* it */,
				6FCBFEFB210B57BD006BC355 /* de */,
				6FCBFEFC210B57BE006BC355 /* fr */,
				6FCBFEFD210B57BE006BC355 /* rm */,
			);
			name = Localizable.strings;
			sourceTree = "<group>";
		};
/* End PBXVariantGroup section */

/* Begin XCBuildConfiguration section */
		6F0C98DA2121E14000073AB6 /* Debug-static */ = {
			isa = XCBuildConfiguration;
			buildSettings = {
				ALWAYS_SEARCH_USER_PATHS = NO;
				CLANG_ANALYZER_LOCALIZABILITY_NONLOCALIZED = YES;
				CLANG_ANALYZER_NONNULL = YES;
				CLANG_ANALYZER_NUMBER_OBJECT_CONVERSION = YES_AGGRESSIVE;
				CLANG_CXX_LANGUAGE_STANDARD = "gnu++14";
				CLANG_CXX_LIBRARY = "libc++";
				CLANG_ENABLE_MODULES = YES;
				CLANG_ENABLE_OBJC_ARC = YES;
				CLANG_ENABLE_OBJC_WEAK = YES;
				CLANG_WARN_BLOCK_CAPTURE_AUTORELEASING = YES;
				CLANG_WARN_BOOL_CONVERSION = YES;
				CLANG_WARN_COMMA = YES;
				CLANG_WARN_CONSTANT_CONVERSION = YES;
				CLANG_WARN_DEPRECATED_OBJC_IMPLEMENTATIONS = YES;
				CLANG_WARN_DIRECT_OBJC_ISA_USAGE = YES_ERROR;
				CLANG_WARN_DOCUMENTATION_COMMENTS = YES;
				CLANG_WARN_EMPTY_BODY = YES;
				CLANG_WARN_ENUM_CONVERSION = YES;
				CLANG_WARN_INFINITE_RECURSION = YES;
				CLANG_WARN_INT_CONVERSION = YES;
				CLANG_WARN_NON_LITERAL_NULL_CONVERSION = YES;
				CLANG_WARN_OBJC_IMPLICIT_RETAIN_SELF = YES;
				CLANG_WARN_OBJC_LITERAL_CONVERSION = YES;
				CLANG_WARN_OBJC_ROOT_CLASS = YES_ERROR;
				CLANG_WARN_RANGE_LOOP_ANALYSIS = YES;
				CLANG_WARN_STRICT_PROTOTYPES = YES;
				CLANG_WARN_SUSPICIOUS_MOVE = YES;
				CLANG_WARN_UNGUARDED_AVAILABILITY = YES_AGGRESSIVE;
				CLANG_WARN_UNREACHABLE_CODE = YES;
				CLANG_WARN__DUPLICATE_METHOD_MATCH = YES;
				CODE_SIGN_IDENTITY = "iPhone Developer";
				COPY_PHASE_STRIP = NO;
				CURRENT_PROJECT_VERSION = 1;
				DEBUG_INFORMATION_FORMAT = dwarf;
				DYLIB_COMPATIBILITY_VERSION = 1;
				DYLIB_CURRENT_VERSION = 1;
				ENABLE_STRICT_OBJC_MSGSEND = YES;
				ENABLE_TESTABILITY = YES;
				GCC_C_LANGUAGE_STANDARD = gnu11;
				GCC_DYNAMIC_NO_PIC = NO;
				GCC_NO_COMMON_BLOCKS = YES;
				GCC_OPTIMIZATION_LEVEL = 0;
				GCC_PREPROCESSOR_DEFINITIONS = (
					"DEBUG=1",
					"$(inherited)",
				);
				GCC_WARN_64_TO_32_BIT_CONVERSION = YES;
				GCC_WARN_ABOUT_RETURN_TYPE = YES_ERROR;
				GCC_WARN_UNDECLARED_SELECTOR = YES;
				GCC_WARN_UNINITIALIZED_AUTOS = YES_AGGRESSIVE;
				GCC_WARN_UNUSED_FUNCTION = YES;
				GCC_WARN_UNUSED_VARIABLE = YES;
				IPHONEOS_DEPLOYMENT_TARGET = 9.0;
				MARKETING_VERSION = 0.1;
				MTL_ENABLE_DEBUG_INFO = YES;
				ONLY_ACTIVE_ARCH = YES;
				SDKROOT = iphoneos;
				TARGETED_DEVICE_FAMILY = "1,2";
			};
			name = "Debug-static";
		};
		6F0C98DB2121E14000073AB6 /* Debug-static */ = {
			isa = XCBuildConfiguration;
			buildSettings = {
				CLANG_ENABLE_CODE_COVERAGE = NO;
				CODE_SIGN_IDENTITY = "";
				CODE_SIGN_STYLE = Automatic;
				DEFINES_MODULE = YES;
				DYLIB_COMPATIBILITY_VERSION = 1;
				DYLIB_INSTALL_NAME_BASE = "@rpath";
				FRAMEWORK_SEARCH_PATHS = (
					"$(inherited)",
					"$(PROJECT_DIR)/Carthage/Build/iOS",
					"$(PROJECT_DIR)/Carthage/Build/iOS/Static",
				);
				INFOPLIST_FILE = Framework/Info.plist;
				INSTALL_PATH = "$(LOCAL_LIBRARY_DIR)/Frameworks";
				LD_RUNPATH_SEARCH_PATHS = (
					"$(inherited)",
					"@executable_path/Frameworks",
					"@loader_path/Frameworks",
				);
				MACH_O_TYPE = staticlib;
				PRODUCT_BUNDLE_IDENTIFIER = ch.srgssr.SRGUserData;
				PRODUCT_NAME = "$(TARGET_NAME:c99extidentifier)";
				SKIP_INSTALL = YES;
				VERSIONING_SYSTEM = "apple-generic";
			};
			name = "Debug-static";
		};
		6F0C98DC2121E14000073AB6 /* Debug-static */ = {
			isa = XCBuildConfiguration;
			buildSettings = {
				ASSETCATALOG_COMPILER_APPICON_NAME = AppIcon;
				CODE_SIGN_STYLE = Automatic;
				DEVELOPMENT_TEAM = VMGRRW6SG7;
				FRAMEWORK_SEARCH_PATHS = (
					"$(inherited)",
					"$(PROJECT_DIR)/Carthage/Build/iOS",
				);
				INFOPLIST_FILE = Demo/Info.plist;
				LD_RUNPATH_SEARCH_PATHS = (
					"$(inherited)",
					"@executable_path/Frameworks",
				);
				PRODUCT_BUNDLE_IDENTIFIER = "ch.srgssr.SRGUserData-demo";
				PRODUCT_NAME = "$(TARGET_NAME)";
			};
			name = "Debug-static";
		};
		6F0C98DD2121E14000073AB6 /* Debug-static */ = {
			isa = XCBuildConfiguration;
			buildSettings = {
				CODE_SIGN_STYLE = Automatic;
				FRAMEWORK_SEARCH_PATHS = (
					"$(inherited)",
					"$(PROJECT_DIR)/Carthage/Build/iOS",
				);
				INFOPLIST_FILE = Tests/Info.plist;
				LD_RUNPATH_SEARCH_PATHS = (
					"$(inherited)",
					"@executable_path/Frameworks",
					"@loader_path/Frameworks",
				);
				PRODUCT_BUNDLE_IDENTIFIER = "ch.srgssr.SRGUserData-tests";
				PRODUCT_NAME = "$(TARGET_NAME)";
			};
			name = "Debug-static";
		};
		6F0C98DE2121E14600073AB6 /* Release-static */ = {
			isa = XCBuildConfiguration;
			buildSettings = {
				ALWAYS_SEARCH_USER_PATHS = NO;
				CLANG_ANALYZER_LOCALIZABILITY_NONLOCALIZED = YES;
				CLANG_ANALYZER_NONNULL = YES;
				CLANG_ANALYZER_NUMBER_OBJECT_CONVERSION = YES_AGGRESSIVE;
				CLANG_CXX_LANGUAGE_STANDARD = "gnu++14";
				CLANG_CXX_LIBRARY = "libc++";
				CLANG_ENABLE_MODULES = YES;
				CLANG_ENABLE_OBJC_ARC = YES;
				CLANG_ENABLE_OBJC_WEAK = YES;
				CLANG_WARN_BLOCK_CAPTURE_AUTORELEASING = YES;
				CLANG_WARN_BOOL_CONVERSION = YES;
				CLANG_WARN_COMMA = YES;
				CLANG_WARN_CONSTANT_CONVERSION = YES;
				CLANG_WARN_DEPRECATED_OBJC_IMPLEMENTATIONS = YES;
				CLANG_WARN_DIRECT_OBJC_ISA_USAGE = YES_ERROR;
				CLANG_WARN_DOCUMENTATION_COMMENTS = YES;
				CLANG_WARN_EMPTY_BODY = YES;
				CLANG_WARN_ENUM_CONVERSION = YES;
				CLANG_WARN_INFINITE_RECURSION = YES;
				CLANG_WARN_INT_CONVERSION = YES;
				CLANG_WARN_NON_LITERAL_NULL_CONVERSION = YES;
				CLANG_WARN_OBJC_IMPLICIT_RETAIN_SELF = YES;
				CLANG_WARN_OBJC_LITERAL_CONVERSION = YES;
				CLANG_WARN_OBJC_ROOT_CLASS = YES_ERROR;
				CLANG_WARN_RANGE_LOOP_ANALYSIS = YES;
				CLANG_WARN_STRICT_PROTOTYPES = YES;
				CLANG_WARN_SUSPICIOUS_MOVE = YES;
				CLANG_WARN_UNGUARDED_AVAILABILITY = YES_AGGRESSIVE;
				CLANG_WARN_UNREACHABLE_CODE = YES;
				CLANG_WARN__DUPLICATE_METHOD_MATCH = YES;
				CODE_SIGN_IDENTITY = "iPhone Developer";
				COPY_PHASE_STRIP = NO;
				CURRENT_PROJECT_VERSION = 1;
				DEBUG_INFORMATION_FORMAT = "dwarf-with-dsym";
				DYLIB_COMPATIBILITY_VERSION = 1;
				DYLIB_CURRENT_VERSION = 1;
				ENABLE_NS_ASSERTIONS = NO;
				ENABLE_STRICT_OBJC_MSGSEND = YES;
				GCC_C_LANGUAGE_STANDARD = gnu11;
				GCC_NO_COMMON_BLOCKS = YES;
				GCC_WARN_64_TO_32_BIT_CONVERSION = YES;
				GCC_WARN_ABOUT_RETURN_TYPE = YES_ERROR;
				GCC_WARN_UNDECLARED_SELECTOR = YES;
				GCC_WARN_UNINITIALIZED_AUTOS = YES_AGGRESSIVE;
				GCC_WARN_UNUSED_FUNCTION = YES;
				GCC_WARN_UNUSED_VARIABLE = YES;
				IPHONEOS_DEPLOYMENT_TARGET = 9.0;
				MARKETING_VERSION = 0.1;
				MTL_ENABLE_DEBUG_INFO = NO;
				SDKROOT = iphoneos;
				TARGETED_DEVICE_FAMILY = "1,2";
				VALIDATE_PRODUCT = YES;
			};
			name = "Release-static";
		};
		6F0C98DF2121E14600073AB6 /* Release-static */ = {
			isa = XCBuildConfiguration;
			buildSettings = {
				CLANG_ENABLE_CODE_COVERAGE = NO;
				CODE_SIGN_IDENTITY = "";
				CODE_SIGN_STYLE = Automatic;
				DEFINES_MODULE = YES;
				DYLIB_COMPATIBILITY_VERSION = 1;
				DYLIB_INSTALL_NAME_BASE = "@rpath";
				FRAMEWORK_SEARCH_PATHS = (
					"$(inherited)",
					"$(PROJECT_DIR)/Carthage/Build/iOS",
					"$(PROJECT_DIR)/Carthage/Build/iOS/Static",
				);
				INFOPLIST_FILE = Framework/Info.plist;
				INSTALL_PATH = "$(LOCAL_LIBRARY_DIR)/Frameworks";
				LD_RUNPATH_SEARCH_PATHS = (
					"$(inherited)",
					"@executable_path/Frameworks",
					"@loader_path/Frameworks",
				);
				MACH_O_TYPE = staticlib;
				PRODUCT_BUNDLE_IDENTIFIER = ch.srgssr.SRGUserData;
				PRODUCT_NAME = "$(TARGET_NAME:c99extidentifier)";
				SKIP_INSTALL = YES;
				VERSIONING_SYSTEM = "apple-generic";
			};
			name = "Release-static";
		};
		6F0C98E02121E14600073AB6 /* Release-static */ = {
			isa = XCBuildConfiguration;
			buildSettings = {
				ASSETCATALOG_COMPILER_APPICON_NAME = AppIcon;
				CODE_SIGN_STYLE = Automatic;
				DEVELOPMENT_TEAM = VMGRRW6SG7;
				FRAMEWORK_SEARCH_PATHS = (
					"$(inherited)",
					"$(PROJECT_DIR)/Carthage/Build/iOS",
				);
				INFOPLIST_FILE = Demo/Info.plist;
				LD_RUNPATH_SEARCH_PATHS = (
					"$(inherited)",
					"@executable_path/Frameworks",
				);
				PRODUCT_BUNDLE_IDENTIFIER = "ch.srgssr.SRGUserData-demo";
				PRODUCT_NAME = "$(TARGET_NAME)";
			};
			name = "Release-static";
		};
		6F0C98E12121E14600073AB6 /* Release-static */ = {
			isa = XCBuildConfiguration;
			buildSettings = {
				CODE_SIGN_STYLE = Automatic;
				FRAMEWORK_SEARCH_PATHS = (
					"$(inherited)",
					"$(PROJECT_DIR)/Carthage/Build/iOS",
				);
				INFOPLIST_FILE = Tests/Info.plist;
				LD_RUNPATH_SEARCH_PATHS = (
					"$(inherited)",
					"@executable_path/Frameworks",
					"@loader_path/Frameworks",
				);
				PRODUCT_BUNDLE_IDENTIFIER = "ch.srgssr.SRGUserData-tests";
				PRODUCT_NAME = "$(TARGET_NAME)";
			};
			name = "Release-static";
		};
		6F0C98EA2121E1C200073AB6 /* Debug */ = {
			isa = XCBuildConfiguration;
			buildSettings = {
				CODE_SIGN_IDENTITY = "-";
				CODE_SIGN_STYLE = Automatic;
				INFOPLIST_FILE = Framework/Resources/Info.plist;
				INSTALL_PATH = "$(LOCAL_LIBRARY_DIR)/Bundles";
				PRODUCT_BUNDLE_IDENTIFIER = "ch.srgssr.SRGUserData-resources";
				PRODUCT_NAME = SRGUserData;
				SKIP_INSTALL = YES;
				WRAPPER_EXTENSION = bundle;
			};
			name = Debug;
		};
		6F0C98EB2121E1C200073AB6 /* Debug-static */ = {
			isa = XCBuildConfiguration;
			buildSettings = {
				CODE_SIGN_IDENTITY = "-";
				CODE_SIGN_STYLE = Automatic;
				INFOPLIST_FILE = Framework/Resources/Info.plist;
				INSTALL_PATH = "$(LOCAL_LIBRARY_DIR)/Bundles";
				PRODUCT_BUNDLE_IDENTIFIER = "ch.srgssr.SRGUserData-resources";
				PRODUCT_NAME = SRGUserData;
				SKIP_INSTALL = YES;
				WRAPPER_EXTENSION = bundle;
			};
			name = "Debug-static";
		};
		6F0C98EC2121E1C200073AB6 /* Release */ = {
			isa = XCBuildConfiguration;
			buildSettings = {
				CODE_SIGN_IDENTITY = "-";
				CODE_SIGN_STYLE = Automatic;
				INFOPLIST_FILE = Framework/Resources/Info.plist;
				INSTALL_PATH = "$(LOCAL_LIBRARY_DIR)/Bundles";
				PRODUCT_BUNDLE_IDENTIFIER = "ch.srgssr.SRGUserData-resources";
				PRODUCT_NAME = SRGUserData;
				SKIP_INSTALL = YES;
				WRAPPER_EXTENSION = bundle;
			};
			name = Release;
		};
		6F0C98ED2121E1C200073AB6 /* Release-static */ = {
			isa = XCBuildConfiguration;
			buildSettings = {
				CODE_SIGN_IDENTITY = "-";
				CODE_SIGN_STYLE = Automatic;
				INFOPLIST_FILE = Framework/Resources/Info.plist;
				INSTALL_PATH = "$(LOCAL_LIBRARY_DIR)/Bundles";
				PRODUCT_BUNDLE_IDENTIFIER = "ch.srgssr.SRGUserData-resources";
				PRODUCT_NAME = SRGUserData;
				SKIP_INSTALL = YES;
				WRAPPER_EXTENSION = bundle;
			};
			name = "Release-static";
		};
		6F0EB53720FC7F58009C02CF /* Debug */ = {
			isa = XCBuildConfiguration;
			buildSettings = {
				ALWAYS_SEARCH_USER_PATHS = NO;
				CLANG_ANALYZER_LOCALIZABILITY_NONLOCALIZED = YES;
				CLANG_ANALYZER_NONNULL = YES;
				CLANG_ANALYZER_NUMBER_OBJECT_CONVERSION = YES_AGGRESSIVE;
				CLANG_CXX_LANGUAGE_STANDARD = "gnu++14";
				CLANG_CXX_LIBRARY = "libc++";
				CLANG_ENABLE_MODULES = YES;
				CLANG_ENABLE_OBJC_ARC = YES;
				CLANG_ENABLE_OBJC_WEAK = YES;
				CLANG_WARN_BLOCK_CAPTURE_AUTORELEASING = YES;
				CLANG_WARN_BOOL_CONVERSION = YES;
				CLANG_WARN_COMMA = YES;
				CLANG_WARN_CONSTANT_CONVERSION = YES;
				CLANG_WARN_DEPRECATED_OBJC_IMPLEMENTATIONS = YES;
				CLANG_WARN_DIRECT_OBJC_ISA_USAGE = YES_ERROR;
				CLANG_WARN_DOCUMENTATION_COMMENTS = YES;
				CLANG_WARN_EMPTY_BODY = YES;
				CLANG_WARN_ENUM_CONVERSION = YES;
				CLANG_WARN_INFINITE_RECURSION = YES;
				CLANG_WARN_INT_CONVERSION = YES;
				CLANG_WARN_NON_LITERAL_NULL_CONVERSION = YES;
				CLANG_WARN_OBJC_IMPLICIT_RETAIN_SELF = YES;
				CLANG_WARN_OBJC_LITERAL_CONVERSION = YES;
				CLANG_WARN_OBJC_ROOT_CLASS = YES_ERROR;
				CLANG_WARN_RANGE_LOOP_ANALYSIS = YES;
				CLANG_WARN_STRICT_PROTOTYPES = YES;
				CLANG_WARN_SUSPICIOUS_MOVE = YES;
				CLANG_WARN_UNGUARDED_AVAILABILITY = YES_AGGRESSIVE;
				CLANG_WARN_UNREACHABLE_CODE = YES;
				CLANG_WARN__DUPLICATE_METHOD_MATCH = YES;
				CODE_SIGN_IDENTITY = "iPhone Developer";
				COPY_PHASE_STRIP = NO;
				CURRENT_PROJECT_VERSION = 1;
				DEBUG_INFORMATION_FORMAT = dwarf;
				DYLIB_COMPATIBILITY_VERSION = 1;
				DYLIB_CURRENT_VERSION = 1;
				ENABLE_STRICT_OBJC_MSGSEND = YES;
				ENABLE_TESTABILITY = YES;
				GCC_C_LANGUAGE_STANDARD = gnu11;
				GCC_DYNAMIC_NO_PIC = NO;
				GCC_NO_COMMON_BLOCKS = YES;
				GCC_OPTIMIZATION_LEVEL = 0;
				GCC_PREPROCESSOR_DEFINITIONS = (
					"DEBUG=1",
					"$(inherited)",
				);
				GCC_WARN_64_TO_32_BIT_CONVERSION = YES;
				GCC_WARN_ABOUT_RETURN_TYPE = YES_ERROR;
				GCC_WARN_UNDECLARED_SELECTOR = YES;
				GCC_WARN_UNINITIALIZED_AUTOS = YES_AGGRESSIVE;
				GCC_WARN_UNUSED_FUNCTION = YES;
				GCC_WARN_UNUSED_VARIABLE = YES;
				IPHONEOS_DEPLOYMENT_TARGET = 9.0;
				MARKETING_VERSION = 0.1;
				MTL_ENABLE_DEBUG_INFO = YES;
				ONLY_ACTIVE_ARCH = YES;
				SDKROOT = iphoneos;
				TARGETED_DEVICE_FAMILY = "1,2";
			};
			name = Debug;
		};
		6F0EB53820FC7F58009C02CF /* Release */ = {
			isa = XCBuildConfiguration;
			buildSettings = {
				ALWAYS_SEARCH_USER_PATHS = NO;
				CLANG_ANALYZER_LOCALIZABILITY_NONLOCALIZED = YES;
				CLANG_ANALYZER_NONNULL = YES;
				CLANG_ANALYZER_NUMBER_OBJECT_CONVERSION = YES_AGGRESSIVE;
				CLANG_CXX_LANGUAGE_STANDARD = "gnu++14";
				CLANG_CXX_LIBRARY = "libc++";
				CLANG_ENABLE_MODULES = YES;
				CLANG_ENABLE_OBJC_ARC = YES;
				CLANG_ENABLE_OBJC_WEAK = YES;
				CLANG_WARN_BLOCK_CAPTURE_AUTORELEASING = YES;
				CLANG_WARN_BOOL_CONVERSION = YES;
				CLANG_WARN_COMMA = YES;
				CLANG_WARN_CONSTANT_CONVERSION = YES;
				CLANG_WARN_DEPRECATED_OBJC_IMPLEMENTATIONS = YES;
				CLANG_WARN_DIRECT_OBJC_ISA_USAGE = YES_ERROR;
				CLANG_WARN_DOCUMENTATION_COMMENTS = YES;
				CLANG_WARN_EMPTY_BODY = YES;
				CLANG_WARN_ENUM_CONVERSION = YES;
				CLANG_WARN_INFINITE_RECURSION = YES;
				CLANG_WARN_INT_CONVERSION = YES;
				CLANG_WARN_NON_LITERAL_NULL_CONVERSION = YES;
				CLANG_WARN_OBJC_IMPLICIT_RETAIN_SELF = YES;
				CLANG_WARN_OBJC_LITERAL_CONVERSION = YES;
				CLANG_WARN_OBJC_ROOT_CLASS = YES_ERROR;
				CLANG_WARN_RANGE_LOOP_ANALYSIS = YES;
				CLANG_WARN_STRICT_PROTOTYPES = YES;
				CLANG_WARN_SUSPICIOUS_MOVE = YES;
				CLANG_WARN_UNGUARDED_AVAILABILITY = YES_AGGRESSIVE;
				CLANG_WARN_UNREACHABLE_CODE = YES;
				CLANG_WARN__DUPLICATE_METHOD_MATCH = YES;
				CODE_SIGN_IDENTITY = "iPhone Developer";
				COPY_PHASE_STRIP = NO;
				CURRENT_PROJECT_VERSION = 1;
				DEBUG_INFORMATION_FORMAT = "dwarf-with-dsym";
				DYLIB_COMPATIBILITY_VERSION = 1;
				DYLIB_CURRENT_VERSION = 1;
				ENABLE_NS_ASSERTIONS = NO;
				ENABLE_STRICT_OBJC_MSGSEND = YES;
				GCC_C_LANGUAGE_STANDARD = gnu11;
				GCC_NO_COMMON_BLOCKS = YES;
				GCC_WARN_64_TO_32_BIT_CONVERSION = YES;
				GCC_WARN_ABOUT_RETURN_TYPE = YES_ERROR;
				GCC_WARN_UNDECLARED_SELECTOR = YES;
				GCC_WARN_UNINITIALIZED_AUTOS = YES_AGGRESSIVE;
				GCC_WARN_UNUSED_FUNCTION = YES;
				GCC_WARN_UNUSED_VARIABLE = YES;
				IPHONEOS_DEPLOYMENT_TARGET = 9.0;
				MARKETING_VERSION = 0.1;
				MTL_ENABLE_DEBUG_INFO = NO;
				SDKROOT = iphoneos;
				TARGETED_DEVICE_FAMILY = "1,2";
				VALIDATE_PRODUCT = YES;
			};
			name = Release;
		};
		6F0EB53A20FC7F58009C02CF /* Debug */ = {
			isa = XCBuildConfiguration;
			buildSettings = {
				CODE_SIGN_IDENTITY = "";
				CODE_SIGN_STYLE = Automatic;
				DEFINES_MODULE = YES;
				DYLIB_COMPATIBILITY_VERSION = 1;
				DYLIB_INSTALL_NAME_BASE = "@rpath";
				FRAMEWORK_SEARCH_PATHS = (
					"$(inherited)",
					"$(PROJECT_DIR)/Carthage/Build/iOS",
				);
				INFOPLIST_FILE = Framework/Info.plist;
				INSTALL_PATH = "$(LOCAL_LIBRARY_DIR)/Frameworks";
				LD_RUNPATH_SEARCH_PATHS = (
					"$(inherited)",
					"@executable_path/Frameworks",
					"@loader_path/Frameworks",
				);
				PRODUCT_BUNDLE_IDENTIFIER = ch.srgssr.SRGUserData;
				PRODUCT_NAME = "$(TARGET_NAME:c99extidentifier)";
				SKIP_INSTALL = YES;
				VERSIONING_SYSTEM = "apple-generic";
			};
			name = Debug;
		};
		6F0EB53B20FC7F58009C02CF /* Release */ = {
			isa = XCBuildConfiguration;
			buildSettings = {
				CODE_SIGN_IDENTITY = "";
				CODE_SIGN_STYLE = Automatic;
				DEFINES_MODULE = YES;
				DYLIB_COMPATIBILITY_VERSION = 1;
				DYLIB_INSTALL_NAME_BASE = "@rpath";
				FRAMEWORK_SEARCH_PATHS = (
					"$(inherited)",
					"$(PROJECT_DIR)/Carthage/Build/iOS",
				);
				INFOPLIST_FILE = Framework/Info.plist;
				INSTALL_PATH = "$(LOCAL_LIBRARY_DIR)/Frameworks";
				LD_RUNPATH_SEARCH_PATHS = (
					"$(inherited)",
					"@executable_path/Frameworks",
					"@loader_path/Frameworks",
				);
				PRODUCT_BUNDLE_IDENTIFIER = ch.srgssr.SRGUserData;
				PRODUCT_NAME = "$(TARGET_NAME:c99extidentifier)";
				SKIP_INSTALL = YES;
				VERSIONING_SYSTEM = "apple-generic";
			};
			name = Release;
		};
		6F8A93EC20FDCA0900AA6434 /* Debug */ = {
			isa = XCBuildConfiguration;
			buildSettings = {
				ASSETCATALOG_COMPILER_APPICON_NAME = AppIcon;
				CODE_SIGN_STYLE = Automatic;
				DEVELOPMENT_TEAM = VMGRRW6SG7;
				FRAMEWORK_SEARCH_PATHS = (
					"$(inherited)",
					"$(PROJECT_DIR)/Carthage/Build/iOS",
				);
				INFOPLIST_FILE = Demo/Info.plist;
				LD_RUNPATH_SEARCH_PATHS = (
					"$(inherited)",
					"@executable_path/Frameworks",
				);
				PRODUCT_BUNDLE_IDENTIFIER = "ch.srgssr.SRGUserData-demo";
				PRODUCT_NAME = "$(TARGET_NAME)";
			};
			name = Debug;
		};
		6F8A93ED20FDCA0900AA6434 /* Release */ = {
			isa = XCBuildConfiguration;
			buildSettings = {
				ASSETCATALOG_COMPILER_APPICON_NAME = AppIcon;
				CODE_SIGN_STYLE = Automatic;
				DEVELOPMENT_TEAM = VMGRRW6SG7;
				FRAMEWORK_SEARCH_PATHS = (
					"$(inherited)",
					"$(PROJECT_DIR)/Carthage/Build/iOS",
				);
				INFOPLIST_FILE = Demo/Info.plist;
				LD_RUNPATH_SEARCH_PATHS = (
					"$(inherited)",
					"@executable_path/Frameworks",
				);
				PRODUCT_BUNDLE_IDENTIFIER = "ch.srgssr.SRGUserData-demo";
				PRODUCT_NAME = "$(TARGET_NAME)";
			};
			name = Release;
		};
		6FB74D6F2101D4D200E2D365 /* Debug */ = {
			isa = XCBuildConfiguration;
			buildSettings = {
				CODE_SIGN_STYLE = Automatic;
				FRAMEWORK_SEARCH_PATHS = (
					"$(inherited)",
					"$(PROJECT_DIR)/Carthage/Build/iOS",
				);
				INFOPLIST_FILE = Tests/Info.plist;
				LD_RUNPATH_SEARCH_PATHS = (
					"$(inherited)",
					"@executable_path/Frameworks",
					"@loader_path/Frameworks",
				);
				PRODUCT_BUNDLE_IDENTIFIER = "ch.srgssr.SRGUserData-tests";
				PRODUCT_NAME = "$(TARGET_NAME)";
			};
			name = Debug;
		};
		6FB74D702101D4D200E2D365 /* Release */ = {
			isa = XCBuildConfiguration;
			buildSettings = {
				CODE_SIGN_STYLE = Automatic;
				FRAMEWORK_SEARCH_PATHS = (
					"$(inherited)",
					"$(PROJECT_DIR)/Carthage/Build/iOS",
				);
				INFOPLIST_FILE = Tests/Info.plist;
				LD_RUNPATH_SEARCH_PATHS = (
					"$(inherited)",
					"@executable_path/Frameworks",
					"@loader_path/Frameworks",
				);
				PRODUCT_BUNDLE_IDENTIFIER = "ch.srgssr.SRGUserData-tests";
				PRODUCT_NAME = "$(TARGET_NAME)";
			};
			name = Release;
		};
/* End XCBuildConfiguration section */

/* Begin XCConfigurationList section */
		6F0C98E92121E1C200073AB6 /* Build configuration list for PBXNativeTarget "SRGUserData-resources" */ = {
			isa = XCConfigurationList;
			buildConfigurations = (
				6F0C98EA2121E1C200073AB6 /* Debug */,
				6F0C98EB2121E1C200073AB6 /* Debug-static */,
				6F0C98EC2121E1C200073AB6 /* Release */,
				6F0C98ED2121E1C200073AB6 /* Release-static */,
			);
			defaultConfigurationIsVisible = 0;
			defaultConfigurationName = Release;
		};
		6F0EB52B20FC7F58009C02CF /* Build configuration list for PBXProject "SRGUserData" */ = {
			isa = XCConfigurationList;
			buildConfigurations = (
				6F0EB53720FC7F58009C02CF /* Debug */,
				6F0C98DA2121E14000073AB6 /* Debug-static */,
				6F0EB53820FC7F58009C02CF /* Release */,
				6F0C98DE2121E14600073AB6 /* Release-static */,
			);
			defaultConfigurationIsVisible = 0;
			defaultConfigurationName = Release;
		};
		6F0EB53920FC7F58009C02CF /* Build configuration list for PBXNativeTarget "SRGUserData" */ = {
			isa = XCConfigurationList;
			buildConfigurations = (
				6F0EB53A20FC7F58009C02CF /* Debug */,
				6F0C98DB2121E14000073AB6 /* Debug-static */,
				6F0EB53B20FC7F58009C02CF /* Release */,
				6F0C98DF2121E14600073AB6 /* Release-static */,
			);
			defaultConfigurationIsVisible = 0;
			defaultConfigurationName = Release;
		};
		6F8A93EB20FDCA0900AA6434 /* Build configuration list for PBXNativeTarget "SRGUserData-demo" */ = {
			isa = XCConfigurationList;
			buildConfigurations = (
				6F8A93EC20FDCA0900AA6434 /* Debug */,
				6F0C98DC2121E14000073AB6 /* Debug-static */,
				6F8A93ED20FDCA0900AA6434 /* Release */,
				6F0C98E02121E14600073AB6 /* Release-static */,
			);
			defaultConfigurationIsVisible = 0;
			defaultConfigurationName = Release;
		};
		6FB74D712101D4D200E2D365 /* Build configuration list for PBXNativeTarget "SRGUserData-tests" */ = {
			isa = XCConfigurationList;
			buildConfigurations = (
				6FB74D6F2101D4D200E2D365 /* Debug */,
				6F0C98DD2121E14000073AB6 /* Debug-static */,
				6FB74D702101D4D200E2D365 /* Release */,
				6F0C98E12121E14600073AB6 /* Release-static */,
			);
			defaultConfigurationIsVisible = 0;
			defaultConfigurationName = Release;
		};
/* End XCConfigurationList section */

/* Begin XCVersionGroup section */
		6F0178C62208137C00B4BCD9 /* SRGUserData.xcdatamodeld */ = {
			isa = XCVersionGroup;
			children = (
				6F0178C72208137C00B4BCD9 /* PlayData.xcdatamodel */,
			);
			currentVersion = 6F0178C72208137C00B4BCD9 /* PlayData.xcdatamodel */;
			path = SRGUserData.xcdatamodeld;
			sourceTree = "<group>";
			versionGroupType = wrapper.xcdatamodel;
		};
/* End XCVersionGroup section */
	};
	rootObject = 6F0EB52820FC7F58009C02CF /* Project object */;
}
