{
  "object": {
    "pins": [
      {
        "package": "FXReachability",
        "repositoryURL": "https://github.com/SRGSSR/FXReachability.git",
        "state": {
          "branch": null,
          "revision": "1eac916df0045630e779fa60eef22ed0d185e15f",
          "version": "1.3.2-srg5"
        }
      },
      {
        "package": "libextobjc",
        "repositoryURL": "https://github.com/SRGSSR/libextobjc.git",
        "state": {
          "branch": null,
          "revision": "30ee5b73bdf57a826978aa146881277f22369be1",
          "version": "0.6.0-srg3"
        }
      },
      {
        "package": "MAKVONotificationCenter",
        "repositoryURL": "https://github.com/SRGSSR/MAKVONotificationCenter.git",
        "state": {
          "branch": null,
          "revision": "60395e0601ffd4a784856b423d4cac558366276d",
          "version": "1.0.0-srg5"
        }
      },
      {
        "package": "Mantle",
        "repositoryURL": "https://github.com/Mantle/Mantle.git",
        "state": {
          "branch": null,
          "revision": "eb4ad298d81c023bcba20810ceffba695378ded4",
          "version": "2.1.6"
        }
      },
      {
        "package": "SRGAppearance",
        "repositoryURL": "https://github.com/SRGSSR/srgappearance-apple.git",
        "state": {
          "branch": "feature/font-overhaul",
          "revision": "7ff17657dc244258f408a26af53c76d1716d0ecf",
          "version": null
        }
      },
      {
        "package": "SRGIdentity",
        "repositoryURL": "https://github.com/SRGSSR/srgidentity-apple.git",
        "state": {
          "branch": "feature/font-overhaul",
          "revision": "65f0686f9afebf91a1ee9135dae3688bab7cb274",
          "version": null
        }
      },
      {
        "package": "SRGLogger",
        "repositoryURL": "https://github.com/SRGSSR/srglogger-apple.git",
        "state": {
          "branch": null,
          "revision": "cfc39d1223ed039aeb7df38c6c7570977b22d1aa",
          "version": "3.0.0"
        }
      },
      {
        "package": "SRGNetwork",
        "repositoryURL": "https://github.com/SRGSSR/srgnetwork-apple.git",
        "state": {
          "branch": null,
          "revision": "734fe399088b2f846e9e69d48a43118f6a8dc0d2",
          "version": "3.0.0"
        }
      },
      {
        "package": "UICKeyChainStore",
        "repositoryURL": "https://github.com/kishikawakatsumi/UICKeyChainStore.git",
        "state": {
          "branch": null,
          "revision": "8220ac38124613fb709508426f75fbac6921e261",
          "version": "2.2.1"
        }
      }
    ]
  },
  "version": 1
}
