{
  "object": {
    "pins": [
      {
        "package": "FXReachability",
        "repositoryURL": "https://github.com/SRGSSR/FXReachability.git",
        "state": {
          "branch": "master",
          "revision": "1eac916df0045630e779fa60eef22ed0d185e15f",
          "version": null
        }
      },
      {
        "package": "libextobjc",
        "repositoryURL": "https://github.com/SRGSSR/libextobjc.git",
        "state": {
          "branch": "master",
          "revision": "30ee5b73bdf57a826978aa146881277f22369be1",
          "version": null
        }
      },
      {
        "package": "MAKVONotificationCenter",
        "repositoryURL": "https://github.com/SRGSSR/MAKVONotificationCenter.git",
        "state": {
          "branch": "master",
          "revision": "60395e0601ffd4a784856b423d4cac558366276d",
          "version": null
        }
      },
      {
        "package": "Mantle",
        "repositoryURL": "https://github.com/Mantle/Mantle.git",
        "state": {
          "branch": "master",
          "revision": "d123b3aa351b6b98155ab489deaacc56e1a84b4b",
          "version": null
        }
      },
      {
        "package": "SRGAppearance",
        "repositoryURL": "https://github.com/SRGSSR/srgappearance-apple.git",
        "state": {
          "branch": "develop",
          "revision": "6274a2d02f98f5624016023822b323c59545442f",
          "version": null
        }
      },
      {
        "package": "SRGIdentity",
        "repositoryURL": "https://github.com/SRGSSR/srgidentity-apple.git",
        "state": {
          "branch": "develop",
          "revision": "19b5a7d7ea3a2c832a3640141f2b4135a60118f9",
          "version": null
        }
      },
      {
        "package": "SRGLogger",
        "repositoryURL": "https://github.com/SRGSSR/srglogger-apple.git",
        "state": {
          "branch": "develop",
          "revision": "0f40b67ae8f93c31271570deb16c6a5bd0a17419",
          "version": null
        }
      },
      {
        "package": "SRGNetwork",
        "repositoryURL": "https://github.com/SRGSSR/srgnetwork-apple.git",
        "state": {
          "branch": "develop",
          "revision": "98c50251b8f2c94e626e1a264eb560c52662aa57",
          "version": null
        }
      },
      {
        "package": "UICKeyChainStore",
        "repositoryURL": "https://github.com/kishikawakatsumi/UICKeyChainStore.git",
        "state": {
          "branch": null,
          "revision": "2f0380d539ec53b66eef211b3c983749ad9e2686",
          "version": "2.2.0"
        }
      }
    ]
  },
  "version": 1
}
