{
  "object": {
    "pins": [
      {
        "package": "FXReachability",
        "repositoryURL": "https://github.com/SRGSSR/FXReachability.git",
        "state": {
          "branch": null,
          "revision": "1eac916df0045630e779fa60eef22ed0d185e15f",
          "version": "1.3.2-srg5"
        }
      },
      {
        "package": "libextobjc",
        "repositoryURL": "https://github.com/SRGSSR/libextobjc.git",
        "state": {
          "branch": null,
          "revision": "30ee5b73bdf57a826978aa146881277f22369be1",
          "version": "0.6.0-srg3"
        }
      },
      {
        "package": "MAKVONotificationCenter",
        "repositoryURL": "https://github.com/SRGSSR/MAKVONotificationCenter.git",
        "state": {
          "branch": null,
          "revision": "60395e0601ffd4a784856b423d4cac558366276d",
          "version": "1.0.0-srg5"
        }
      },
      {
        "package": "Mantle",
        "repositoryURL": "https://github.com/Mantle/Mantle.git",
        "state": {
          "branch": null,
          "revision": "bbe0cbe68582a18a6df7516778196ba3cf420ad3",
          "version": "2.1.7"
        }
      },
      {
        "package": "SRGAppearance",
        "repositoryURL": "https://github.com/SRGSSR/srgappearance-apple.git",
        "state": {
          "branch": null,
          "revision": "4754703c12cb69f5265a37c252451672563c592a",
          "version": "4.0.1"
        }
      },
      {
        "package": "SRGIdentity",
        "repositoryURL": "https://github.com/SRGSSR/srgidentity-apple.git",
        "state": {
          "branch": null,
          "revision": "0fb2c4015d1d711dfb3508fead4178ba26a91283",
          "version": "3.1.1"
        }
      },
      {
        "package": "SRGLogger",
        "repositoryURL": "https://github.com/SRGSSR/srglogger-apple.git",
        "state": {
          "branch": null,
          "revision": "5840af9ccbbc23a1269ff53feb3832f56ffde1eb",
          "version": "3.0.2"
        }
      },
      {
        "package": "SRGNetwork",
        "repositoryURL": "https://github.com/SRGSSR/srgnetwork-apple.git",
        "state": {
          "branch": null,
          "revision": "9d79d6649de885876577c28e7b19f24f7ce16399",
          "version": "3.0.3"
        }
      },
      {
        "package": "UICKeyChainStore",
        "repositoryURL": "https://github.com/kishikawakatsumi/UICKeyChainStore.git",
        "state": {
          "branch": null,
          "revision": "8220ac38124613fb709508426f75fbac6921e261",
          "version": "2.2.1"
        }
      }
    ]
  },
  "version": 1
}
